// !$*UTF8*$!
{
	archiveVersion = 1;
	classes = {
	};
	objectVersion = 55;
	objects = {

/* Begin PBXBuildFile section */
		F94DB167284640D00001338B /* PlaySound.swift in Sources */ = {isa = PBXBuildFile; fileRef = F94DB166284640D00001338B /* PlaySound.swift */; };
		F94DB1692846410C0001338B /* chimeup.mp3 in Resources */ = {isa = PBXBuildFile; fileRef = F94DB1682846410C0001338B /* chimeup.mp3 */; };
		F978CD4A28280B7100B51203 /* SuperHero_SwiftUIApp.swift in Sources */ = {isa = PBXBuildFile; fileRef = F978CD4928280B7100B51203 /* SuperHero_SwiftUIApp.swift */; };
		F978CD4C28280B7100B51203 /* ContentView.swift in Sources */ = {isa = PBXBuildFile; fileRef = F978CD4B28280B7100B51203 /* ContentView.swift */; };
		F978CD4E28280B7200B51203 /* Assets.xcassets in Resources */ = {isa = PBXBuildFile; fileRef = F978CD4D28280B7200B51203 /* Assets.xcassets */; };
		F978CD5128280B7200B51203 /* Preview Assets.xcassets in Resources */ = {isa = PBXBuildFile; fileRef = F978CD5028280B7200B51203 /* Preview Assets.xcassets */; };
		F978CD582828495700B51203 /* SuberHeroView.swift in Sources */ = {isa = PBXBuildFile; fileRef = F978CD572828495700B51203 /* SuberHeroView.swift */; };
		F9B14B772843E69E00EA976A /* SuperHero.swift in Sources */ = {isa = PBXBuildFile; fileRef = F9B14B762843E69E00EA976A /* SuperHero.swift */; };
/* End PBXBuildFile section */

/* Begin PBXFileReference section */
		F94DB166284640D00001338B /* PlaySound.swift */ = {isa = PBXFileReference; lastKnownFileType = sourcecode.swift; path = PlaySound.swift; sourceTree = "<group>"; };
		F94DB1682846410C0001338B /* chimeup.mp3 */ = {isa = PBXFileReference; lastKnownFileType = audio.mp3; path = chimeup.mp3; sourceTree = "<group>"; };
		F94DB16F284647500001338B /* Info.plist */ = {isa = PBXFileReference; lastKnownFileType = text.plist; path = Info.plist; sourceTree = "<group>"; };
		F978CD4628280B7100B51203 /* SuperHero-SwiftUI.app */ = {isa = PBXFileReference; explicitFileType = wrapper.application; includeInIndex = 0; path = "SuperHero-SwiftUI.app"; sourceTree = BUILT_PRODUCTS_DIR; };
		F978CD4928280B7100B51203 /* SuperHero_SwiftUIApp.swift */ = {isa = PBXFileReference; lastKnownFileType = sourcecode.swift; path = SuperHero_SwiftUIApp.swift; sourceTree = "<group>"; };
		F978CD4B28280B7100B51203 /* ContentView.swift */ = {isa = PBXFileReference; lastKnownFileType = sourcecode.swift; path = ContentView.swift; sourceTree = "<group>"; };
		F978CD4D28280B7200B51203 /* Assets.xcassets */ = {isa = PBXFileReference; lastKnownFileType = folder.assetcatalog; path = Assets.xcassets; sourceTree = "<group>"; };
		F978CD5028280B7200B51203 /* Preview Assets.xcassets */ = {isa = PBXFileReference; lastKnownFileType = folder.assetcatalog; path = "Preview Assets.xcassets"; sourceTree = "<group>"; };
		F978CD572828495700B51203 /* SuberHeroView.swift */ = {isa = PBXFileReference; lastKnownFileType = sourcecode.swift; path = SuberHeroView.swift; sourceTree = "<group>"; };
		F9B14B762843E69E00EA976A /* SuperHero.swift */ = {isa = PBXFileReference; lastKnownFileType = sourcecode.swift; path = SuperHero.swift; sourceTree = "<group>"; };
/* End PBXFileReference section */

/* Begin PBXFrameworksBuildPhase section */
		F978CD4328280B7100B51203 /* Frameworks */ = {
			isa = PBXFrameworksBuildPhase;
			buildActionMask = 2147483647;
			files = (
			);
			runOnlyForDeploymentPostprocessing = 0;
		};
/* End PBXFrameworksBuildPhase section */

/* Begin PBXGroup section */
		F94DB16A2846426C0001338B /* Model */ = {
			isa = PBXGroup;
			children = (
				F9B14B762843E69E00EA976A /* SuperHero.swift */,
			);
			path = Model;
			sourceTree = "<group>";
		};
		F94DB16B284642760001338B /* View */ = {
			isa = PBXGroup;
			children = (
				F978CD4928280B7100B51203 /* SuperHero_SwiftUIApp.swift */,
				F978CD4B28280B7100B51203 /* ContentView.swift */,
			);
			path = View;
			sourceTree = "<group>";
		};
		F94DB16C2846427E0001338B /* Componens */ = {
			isa = PBXGroup;
			children = (
				F978CD572828495700B51203 /* SuberHeroView.swift */,
			);
			path = Componens;
			sourceTree = "<group>";
		};
		F94DB16D2846428A0001338B /* Utalities */ = {
			isa = PBXGroup;
			children = (
				F94DB166284640D00001338B /* PlaySound.swift */,
			);
			path = Utalities;
			sourceTree = "<group>";
		};
		F94DB16E284642940001338B /* Sound */ = {
			isa = PBXGroup;
			children = (
				F94DB1682846410C0001338B /* chimeup.mp3 */,
			);
			path = Sound;
			sourceTree = "<group>";
		};
		F978CD3D28280B7100B51203 = {
			isa = PBXGroup;
			children = (
				F978CD4828280B7100B51203 /* SuperHero-SwiftUI */,
				F978CD4728280B7100B51203 /* Products */,
			);
			sourceTree = "<group>";
		};
		F978CD4728280B7100B51203 /* Products */ = {
			isa = PBXGroup;
			children = (
				F978CD4628280B7100B51203 /* SuperHero-SwiftUI.app */,
			);
			name = Products;
			sourceTree = "<group>";
		};
		F978CD4828280B7100B51203 /* SuperHero-SwiftUI */ = {
			isa = PBXGroup;
			children = (
				F94DB16F284647500001338B /* Info.plist */,
				F94DB16E284642940001338B /* Sound */,
				F94DB16D2846428A0001338B /* Utalities */,
				F94DB16C2846427E0001338B /* Componens */,
				F94DB16B284642760001338B /* View */,
				F94DB16A2846426C0001338B /* Model */,
				F978CD4D28280B7200B51203 /* Assets.xcassets */,
				F978CD4F28280B7200B51203 /* Preview Content */,
			);
			path = "SuperHero-SwiftUI";
			sourceTree = "<group>";
		};
		F978CD4F28280B7200B51203 /* Preview Content */ = {
			isa = PBXGroup;
			children = (
				F978CD5028280B7200B51203 /* Preview Assets.xcassets */,
			);
			path = "Preview Content";
			sourceTree = "<group>";
		};
/* End PBXGroup section */

/* Begin PBXNativeTarget section */
		F978CD4528280B7100B51203 /* SuperHero-SwiftUI */ = {
			isa = PBXNativeTarget;
			buildConfigurationList = F978CD5428280B7200B51203 /* Build configuration list for PBXNativeTarget "SuperHero-SwiftUI" */;
			buildPhases = (
				F978CD4228280B7100B51203 /* Sources */,
				F978CD4328280B7100B51203 /* Frameworks */,
				F978CD4428280B7100B51203 /* Resources */,
			);
			buildRules = (
			);
			dependencies = (
			);
			name = "SuperHero-SwiftUI";
			productName = "SuperHero-SwiftUI";
			productReference = F978CD4628280B7100B51203 /* SuperHero-SwiftUI.app */;
			productType = "com.apple.product-type.application";
		};
/* End PBXNativeTarget section */

/* Begin PBXProject section */
		F978CD3E28280B7100B51203 /* Project object */ = {
			isa = PBXProject;
			attributes = {
				BuildIndependentTargetsInParallel = 1;
				LastSwiftUpdateCheck = 1310;
				LastUpgradeCheck = 1310;
				TargetAttributes = {
					F978CD4528280B7100B51203 = {
						CreatedOnToolsVersion = 13.1;
					};
				};
			};
			buildConfigurationList = F978CD4128280B7100B51203 /* Build configuration list for PBXProject "SuperHero-SwiftUI" */;
			compatibilityVersion = "Xcode 13.0";
			developmentRegion = en;
			hasScannedForEncodings = 0;
			knownRegions = (
				en,
				Base,
			);
			mainGroup = F978CD3D28280B7100B51203;
			productRefGroup = F978CD4728280B7100B51203 /* Products */;
			projectDirPath = "";
			projectRoot = "";
			targets = (
				F978CD4528280B7100B51203 /* SuperHero-SwiftUI */,
			);
		};
/* End PBXProject section */

/* Begin PBXResourcesBuildPhase section */
		F978CD4428280B7100B51203 /* Resources */ = {
			isa = PBXResourcesBuildPhase;
			buildActionMask = 2147483647;
			files = (
				F94DB1692846410C0001338B /* chimeup.mp3 in Resources */,
				F978CD5128280B7200B51203 /* Preview Assets.xcassets in Resources */,
				F978CD4E28280B7200B51203 /* Assets.xcassets in Resources */,
			);
			runOnlyForDeploymentPostprocessing = 0;
		};
/* End PBXResourcesBuildPhase section */

/* Begin PBXSourcesBuildPhase section */
		F978CD4228280B7100B51203 /* Sources */ = {
			isa = PBXSourcesBuildPhase;
			buildActionMask = 2147483647;
			files = (
				F94DB167284640D00001338B /* PlaySound.swift in Sources */,
				F978CD4C28280B7100B51203 /* ContentView.swift in Sources */,
				F978CD4A28280B7100B51203 /* SuperHero_SwiftUIApp.swift in Sources */,
				F978CD582828495700B51203 /* SuberHeroView.swift in Sources */,
				F9B14B772843E69E00EA976A /* SuperHero.swift in Sources */,
			);
			runOnlyForDeploymentPostprocessing = 0;
		};
/* End PBXSourcesBuildPhase section */

/* Begin XCBuildConfiguration section */
		F978CD5228280B7200B51203 /* Debug */ = {
			isa = XCBuildConfiguration;
			buildSettings = {
				ALWAYS_SEARCH_USER_PATHS = NO;
				CLANG_ANALYZER_NONNULL = YES;
				CLANG_ANALYZER_NUMBER_OBJECT_CONVERSION = YES_AGGRESSIVE;
				CLANG_CXX_LANGUAGE_STANDARD = "gnu++17";
				CLANG_CXX_LIBRARY = "libc++";
				CLANG_ENABLE_MODULES = YES;
				CLANG_ENABLE_OBJC_ARC = YES;
				CLANG_ENABLE_OBJC_WEAK = YES;
				CLANG_WARN_BLOCK_CAPTURE_AUTORELEASING = YES;
				CLANG_WARN_BOOL_CONVERSION = YES;
				CLANG_WARN_COMMA = YES;
				CLANG_WARN_CONSTANT_CONVERSION = YES;
				CLANG_WARN_DEPRECATED_OBJC_IMPLEMENTATIONS = YES;
				CLANG_WARN_DIRECT_OBJC_ISA_USAGE = YES_ERROR;
				CLANG_WARN_DOCUMENTATION_COMMENTS = YES;
				CLANG_WARN_EMPTY_BODY = YES;
				CLANG_WARN_ENUM_CONVERSION = YES;
				CLANG_WARN_INFINITE_RECURSION = YES;
				CLANG_WARN_INT_CONVERSION = YES;
				CLANG_WARN_NON_LITERAL_NULL_CONVERSION = YES;
				CLANG_WARN_OBJC_IMPLICIT_RETAIN_SELF = YES;
				CLANG_WARN_OBJC_LITERAL_CONVERSION = YES;
				CLANG_WARN_OBJC_ROOT_CLASS = YES_ERROR;
				CLANG_WARN_QUOTED_INCLUDE_IN_FRAMEWORK_HEADER = YES;
				CLANG_WARN_RANGE_LOOP_ANALYSIS = YES;
				CLANG_WARN_STRICT_PROTOTYPES = YES;
				CLANG_WARN_SUSPICIOUS_MOVE = YES;
				CLANG_WARN_UNGUARDED_AVAILABILITY = YES_AGGRESSIVE;
				CLANG_WARN_UNREACHABLE_CODE = YES;
				CLANG_WARN__DUPLICATE_METHOD_MATCH = YES;
				COPY_PHASE_STRIP = NO;
				DEBUG_INFORMATION_FORMAT = dwarf;
				ENABLE_STRICT_OBJC_MSGSEND = YES;
				ENABLE_TESTABILITY = YES;
				GCC_C_LANGUAGE_STANDARD = gnu11;
				GCC_DYNAMIC_NO_PIC = NO;
				GCC_NO_COMMON_BLOCKS = YES;
				GCC_OPTIMIZATION_LEVEL = 0;
				GCC_PREPROCESSOR_DEFINITIONS = (
					"DEBUG=1",
					"$(inherited)",
				);
				GCC_WARN_64_TO_32_BIT_CONVERSION = YES;
				GCC_WARN_ABOUT_RETURN_TYPE = YES_ERROR;
				GCC_WARN_UNDECLARED_SELECTOR = YES;
				GCC_WARN_UNINITIALIZED_AUTOS = YES_AGGRESSIVE;
				GCC_WARN_UNUSED_FUNCTION = YES;
				GCC_WARN_UNUSED_VARIABLE = YES;
				IPHONEOS_DEPLOYMENT_TARGET = 15.0;
				MTL_ENABLE_DEBUG_INFO = INCLUDE_SOURCE;
				MTL_FAST_MATH = YES;
				ONLY_ACTIVE_ARCH = YES;
				SDKROOT = iphoneos;
				SWIFT_ACTIVE_COMPILATION_CONDITIONS = DEBUG;
				SWIFT_OPTIMIZATION_LEVEL = "-Onone";
			};
			name = Debug;
		};
		F978CD5328280B7200B51203 /* Release */ = {
			isa = XCBuildConfiguration;
			buildSettings = {
				ALWAYS_SEARCH_USER_PATHS = NO;
				CLANG_ANALYZER_NONNULL = YES;
				CLANG_ANALYZER_NUMBER_OBJECT_CONVERSION = YES_AGGRESSIVE;
				CLANG_CXX_LANGUAGE_STANDARD = "gnu++17";
				CLANG_CXX_LIBRARY = "libc++";
				CLANG_ENABLE_MODULES = YES;
				CLANG_ENABLE_OBJC_ARC = YES;
				CLANG_ENABLE_OBJC_WEAK = YES;
				CLANG_WARN_BLOCK_CAPTURE_AUTORELEASING = YES;
				CLANG_WARN_BOOL_CONVERSION = YES;
				CLANG_WARN_COMMA = YES;
				CLANG_WARN_CONSTANT_CONVERSION = YES;
				CLANG_WARN_DEPRECATED_OBJC_IMPLEMENTATIONS = YES;
				CLANG_WARN_DIRECT_OBJC_ISA_USAGE = YES_ERROR;
				CLANG_WARN_DOCUMENTATION_COMMENTS = YES;
				CLANG_WARN_EMPTY_BODY = YES;
				CLANG_WARN_ENUM_CONVERSION = YES;
				CLANG_WARN_INFINITE_RECURSION = YES;
				CLANG_WARN_INT_CONVERSION = YES;
				CLANG_WARN_NON_LITERAL_NULL_CONVERSION = YES;
				CLANG_WARN_OBJC_IMPLICIT_RETAIN_SELF = YES;
				CLANG_WARN_OBJC_LITERAL_CONVERSION = YES;
				CLANG_WARN_OBJC_ROOT_CLASS = YES_ERROR;
				CLANG_WARN_QUOTED_INCLUDE_IN_FRAMEWORK_HEADER = YES;
				CLANG_WARN_RANGE_LOOP_ANALYSIS = YES;
				CLANG_WARN_STRICT_PROTOTYPES = YES;
				CLANG_WARN_SUSPICIOUS_MOVE = YES;
				CLANG_WARN_UNGUARDED_AVAILABILITY = YES_AGGRESSIVE;
				CLANG_WARN_UNREACHABLE_CODE = YES;
				CLANG_WARN__DUPLICATE_METHOD_MATCH = YES;
				COPY_PHASE_STRIP = NO;
				DEBUG_INFORMATION_FORMAT = "dwarf-with-dsym";
				ENABLE_NS_ASSERTIONS = NO;
				ENABLE_STRICT_OBJC_MSGSEND = YES;
				GCC_C_LANGUAGE_STANDARD = gnu11;
				GCC_NO_COMMON_BLOCKS = YES;
				GCC_WARN_64_TO_32_BIT_CONVERSION = YES;
				GCC_WARN_ABOUT_RETURN_TYPE = YES_ERROR;
				GCC_WARN_UNDECLARED_SELECTOR = YES;
				GCC_WARN_UNINITIALIZED_AUTOS = YES_AGGRESSIVE;
				GCC_WARN_UNUSED_FUNCTION = YES;
				GCC_WARN_UNUSED_VARIABLE = YES;
				IPHONEOS_DEPLOYMENT_TARGET = 15.0;
				MTL_ENABLE_DEBUG_INFO = NO;
				MTL_FAST_MATH = YES;
				SDKROOT = iphoneos;
				SWIFT_COMPILATION_MODE = wholemodule;
				SWIFT_OPTIMIZATION_LEVEL = "-O";
				VALIDATE_PRODUCT = YES;
			};
			name = Release;
		};
		F978CD5528280B7200B51203 /* Debug */ = {
			isa = XCBuildConfiguration;
			buildSettings = {
				ASSETCATALOG_COMPILER_APPICON_NAME = AppIcon;
				ASSETCATALOG_COMPILER_GLOBAL_ACCENT_COLOR_NAME = AccentColor;
				CODE_SIGN_STYLE = Automatic;
				CURRENT_PROJECT_VERSION = 1;
				DEVELOPMENT_ASSET_PATHS = "\"SuperHero-SwiftUI/Preview Content\"";
				DEVELOPMENT_TEAM = HXXFY9J4M8;
				ENABLE_PREVIEWS = YES;
				GENERATE_INFOPLIST_FILE = YES;
				INFOPLIST_FILE = "SuperHero-SwiftUI/Info.plist";
				INFOPLIST_KEY_UIApplicationSceneManifest_Generation = YES;
				INFOPLIST_KEY_UIApplicationSupportsIndirectInputEvents = YES;
				INFOPLIST_KEY_UISupportedInterfaceOrientations_iPad = "UIInterfaceOrientationPortrait UIInterfaceOrientationPortraitUpsideDown UIInterfaceOrientationLandscapeLeft UIInterfaceOrientationLandscapeRight";
				INFOPLIST_KEY_UISupportedInterfaceOrientations_iPhone = "UIInterfaceOrientationPortrait UIInterfaceOrientationLandscapeLeft UIInterfaceOrientationLandscapeRight";
				LD_RUNPATH_SEARCH_PATHS = (
					"$(inherited)",
					"@executable_path/Frameworks",
				);
				MARKETING_VERSION = 1.0;
				PRODUCT_BUNDLE_IDENTIFIER = "com.hasseb.SuperHero-SwiftUI.SuperHero-SwiftUI";
				PRODUCT_NAME = "$(TARGET_NAME)";
				SWIFT_EMIT_LOC_STRINGS = YES;
				SWIFT_VERSION = 5.0;
				TARGETED_DEVICE_FAMILY = "1,2";
			};
			name = Debug;
		};
		F978CD5628280B7200B51203 /* Release */ = {
			isa = XCBuildConfiguration;
			buildSettings = {
				ASSETCATALOG_COMPILER_APPICON_NAME = AppIcon;
				ASSETCATALOG_COMPILER_GLOBAL_ACCENT_COLOR_NAME = AccentColor;
				CODE_SIGN_STYLE = Automatic;
				CURRENT_PROJECT_VERSION = 1;
				DEVELOPMENT_ASSET_PATHS = "\"SuperHero-SwiftUI/Preview Content\"";
				DEVELOPMENT_TEAM = HXXFY9J4M8;
				ENABLE_PREVIEWS = YES;
				GENERATE_INFOPLIST_FILE = YES;
				INFOPLIST_FILE = "SuperHero-SwiftUI/Info.plist";
				INFOPLIST_KEY_UIApplicationSceneManifest_Generation = YES;
				INFOPLIST_KEY_UIApplicationSupportsIndirectInputEvents = YES;
				INFOPLIST_KEY_UISupportedInterfaceOrientations_iPad = "UIInterfaceOrientationPortrait UIInterfaceOrientationPortraitUpsideDown UIInterfaceOrientationLandscapeLeft UIInterfaceOrientationLandscapeRight";
				INFOPLIST_KEY_UISupportedInterfaceOrientations_iPhone = "UIInterfaceOrientationPortrait UIInterfaceOrientationLandscapeLeft UIInterfaceOrientationLandscapeRight";
				LD_RUNPATH_SEARCH_PATHS = (
					"$(inherited)",
					"@executable_path/Frameworks",
				);
				MARKETING_VERSION = 1.0;
				PRODUCT_BUNDLE_IDENTIFIER = "com.hasseb.SuperHero-SwiftUI.SuperHero-SwiftUI";
				PRODUCT_NAME = "$(TARGET_NAME)";
				SWIFT_EMIT_LOC_STRINGS = YES;
				SWIFT_VERSION = 5.0;
				TARGETED_DEVICE_FAMILY = "1,2";
			};
			name = Release;
		};
/* End XCBuildConfiguration section */

/* Begin XCConfigurationList section */
		F978CD4128280B7100B51203 /* Build configuration list for PBXProject "SuperHero-SwiftUI" */ = {
			isa = XCConfigurationList;
			buildConfigurations = (
				F978CD5228280B7200B51203 /* Debug */,
				F978CD5328280B7200B51203 /* Release */,
			);
			defaultConfigurationIsVisible = 0;
			defaultConfigurationName = Release;
		};
		F978CD5428280B7200B51203 /* Build configuration list for PBXNativeTarget "SuperHero-SwiftUI" */ = {
			isa = XCConfigurationList;
			buildConfigurations = (
				F978CD5528280B7200B51203 /* Debug */,
				F978CD5628280B7200B51203 /* Release */,
			);
			defaultConfigurationIsVisible = 0;
			defaultConfigurationName = Release;
		};
/* End XCConfigurationList section */
	};
	rootObject = F978CD3E28280B7100B51203 /* Project object */;
}
